// !$*UTF8*$!
{
	archiveVersion = 1;
	classes = {
	};
	objectVersion = 56;
	objects = {

/* Begin PBXBuildFile section */
		02ECFE52294AD7920063DF79 /* AppDelegate.swift in Sources */ = {isa = PBXBuildFile; fileRef = 02ECFE51294AD7920063DF79 /* AppDelegate.swift */; };
		02ECFE54294AD7920063DF79 /* SceneDelegate.swift in Sources */ = {isa = PBXBuildFile; fileRef = 02ECFE53294AD7920063DF79 /* SceneDelegate.swift */; };
		02ECFE56294AD7920063DF79 /* ViewController.swift in Sources */ = {isa = PBXBuildFile; fileRef = 02ECFE55294AD7920063DF79 /* ViewController.swift */; };
		02ECFE59294AD7920063DF79 /* Main.storyboard in Resources */ = {isa = PBXBuildFile; fileRef = 02ECFE57294AD7920063DF79 /* Main.storyboard */; };
		02ECFE5B294AD7960063DF79 /* Assets.xcassets in Resources */ = {isa = PBXBuildFile; fileRef = 02ECFE5A294AD7960063DF79 /* Assets.xcassets */; };
		02ECFE5E294AD7960063DF79 /* LaunchScreen.storyboard in Resources */ = {isa = PBXBuildFile; fileRef = 02ECFE5C294AD7960063DF79 /* LaunchScreen.storyboard */; };
		02ECFE6D294ADAC80063DF79 /* APIHandler.swift in Sources */ = {isa = PBXBuildFile; fileRef = 02ECFE6C294ADAC80063DF79 /* APIHandler.swift */; };
		02ECFE6F294ADF600063DF79 /* RequestHandler+Extension.swift in Sources */ = {isa = PBXBuildFile; fileRef = 02ECFE6E294ADF600063DF79 /* RequestHandler+Extension.swift */; };
		02ECFE71294AE3460063DF79 /* Constants.swift in Sources */ = {isa = PBXBuildFile; fileRef = 02ECFE70294AE3460063DF79 /* Constants.swift */; };
		02ECFE73294AE5130063DF79 /* ResponseHandler+Extension.swift in Sources */ = {isa = PBXBuildFile; fileRef = 02ECFE72294AE5130063DF79 /* ResponseHandler+Extension.swift */; };
		02ECFE75294AE8F20063DF79 /* APILoader.swift in Sources */ = {isa = PBXBuildFile; fileRef = 02ECFE74294AE8F20063DF79 /* APILoader.swift */; };
		02ECFE77294AED760063DF79 /* APIEnvironment.swift in Sources */ = {isa = PBXBuildFile; fileRef = 02ECFE76294AED760063DF79 /* APIEnvironment.swift */; };
		02ECFE79294AEE410063DF79 /* APIPath.swift in Sources */ = {isa = PBXBuildFile; fileRef = 02ECFE78294AEE410063DF79 /* APIPath.swift */; };
		02ECFE7B294AF1280063DF79 /* GalleryAPI.swift in Sources */ = {isa = PBXBuildFile; fileRef = 02ECFE7A294AF1280063DF79 /* GalleryAPI.swift */; };
		02ECFE7D294AF23B0063DF79 /* GalleryModel.swift in Sources */ = {isa = PBXBuildFile; fileRef = 02ECFE7C294AF23B0063DF79 /* GalleryModel.swift */; };
		02ECFE7F294AFA710063DF79 /* GalleryViewModel.swift in Sources */ = {isa = PBXBuildFile; fileRef = 02ECFE7E294AFA710063DF79 /* GalleryViewModel.swift */; };
/* End PBXBuildFile section */

/* Begin PBXFileReference section */
		02ECFE4E294AD7920063DF79 /* NetworkLayer.app */ = {isa = PBXFileReference; explicitFileType = wrapper.application; includeInIndex = 0; path = NetworkLayer.app; sourceTree = BUILT_PRODUCTS_DIR; };
		02ECFE51294AD7920063DF79 /* AppDelegate.swift */ = {isa = PBXFileReference; lastKnownFileType = sourcecode.swift; path = AppDelegate.swift; sourceTree = "<group>"; };
		02ECFE53294AD7920063DF79 /* SceneDelegate.swift */ = {isa = PBXFileReference; lastKnownFileType = sourcecode.swift; path = SceneDelegate.swift; sourceTree = "<group>"; };
		02ECFE55294AD7920063DF79 /* ViewController.swift */ = {isa = PBXFileReference; lastKnownFileType = sourcecode.swift; path = ViewController.swift; sourceTree = "<group>"; };
		02ECFE58294AD7920063DF79 /* Base */ = {isa = PBXFileReference; lastKnownFileType = file.storyboard; name = Base; path = Base.lproj/Main.storyboard; sourceTree = "<group>"; };
		02ECFE5A294AD7960063DF79 /* Assets.xcassets */ = {isa = PBXFileReference; lastKnownFileType = folder.assetcatalog; path = Assets.xcassets; sourceTree = "<group>"; };
		02ECFE5D294AD7960063DF79 /* Base */ = {isa = PBXFileReference; lastKnownFileType = file.storyboard; name = Base; path = Base.lproj/LaunchScreen.storyboard; sourceTree = "<group>"; };
		02ECFE5F294AD7960063DF79 /* Info.plist */ = {isa = PBXFileReference; lastKnownFileType = text.plist.xml; path = Info.plist; sourceTree = "<group>"; };
		02ECFE6C294ADAC80063DF79 /* APIHandler.swift */ = {isa = PBXFileReference; lastKnownFileType = sourcecode.swift; path = APIHandler.swift; sourceTree = "<group>"; };
		02ECFE6E294ADF600063DF79 /* RequestHandler+Extension.swift */ = {isa = PBXFileReference; lastKnownFileType = sourcecode.swift; path = "RequestHandler+Extension.swift"; sourceTree = "<group>"; };
		02ECFE70294AE3460063DF79 /* Constants.swift */ = {isa = PBXFileReference; lastKnownFileType = sourcecode.swift; path = Constants.swift; sourceTree = "<group>"; };
		02ECFE72294AE5130063DF79 /* ResponseHandler+Extension.swift */ = {isa = PBXFileReference; lastKnownFileType = sourcecode.swift; path = "ResponseHandler+Extension.swift"; sourceTree = "<group>"; };
		02ECFE74294AE8F20063DF79 /* APILoader.swift */ = {isa = PBXFileReference; lastKnownFileType = sourcecode.swift; path = APILoader.swift; sourceTree = "<group>"; };
		02ECFE76294AED760063DF79 /* APIEnvironment.swift */ = {isa = PBXFileReference; lastKnownFileType = sourcecode.swift; path = APIEnvironment.swift; sourceTree = "<group>"; };
		02ECFE78294AEE410063DF79 /* APIPath.swift */ = {isa = PBXFileReference; lastKnownFileType = sourcecode.swift; path = APIPath.swift; sourceTree = "<group>"; };
		02ECFE7A294AF1280063DF79 /* GalleryAPI.swift */ = {isa = PBXFileReference; lastKnownFileType = sourcecode.swift; path = GalleryAPI.swift; sourceTree = "<group>"; };
		02ECFE7C294AF23B0063DF79 /* GalleryModel.swift */ = {isa = PBXFileReference; fileEncoding = 4; lastKnownFileType = sourcecode.swift; path = GalleryModel.swift; sourceTree = "<group>"; };
		02ECFE7E294AFA710063DF79 /* GalleryViewModel.swift */ = {isa = PBXFileReference; fileEncoding = 4; lastKnownFileType = sourcecode.swift; path = GalleryViewModel.swift; sourceTree = "<group>"; };
/* End PBXFileReference section */

/* Begin PBXFrameworksBuildPhase section */
		02ECFE4B294AD7920063DF79 /* Frameworks */ = {
			isa = PBXFrameworksBuildPhase;
			buildActionMask = 2147483647;
			files = (
			);
			runOnlyForDeploymentPostprocessing = 0;
		};
/* End PBXFrameworksBuildPhase section */

/* Begin PBXGroup section */
		02ECFE45294AD7920063DF79 = {
			isa = PBXGroup;
			children = (
				02ECFE50294AD7920063DF79 /* NetworkLayer */,
				02ECFE4F294AD7920063DF79 /* Products */,
			);
			sourceTree = "<group>";
		};
		02ECFE4F294AD7920063DF79 /* Products */ = {
			isa = PBXGroup;
			children = (
				02ECFE4E294AD7920063DF79 /* NetworkLayer.app */,
			);
			name = Products;
			sourceTree = "<group>";
		};
		02ECFE50294AD7920063DF79 /* NetworkLayer */ = {
			isa = PBXGroup;
			children = (
				02ECFE65294AD8440063DF79 /* UIComponents */,
				02ECFE66294AD8580063DF79 /* Services */,
				02ECFE67294AD8630063DF79 /* Resources */,
				02ECFE68294AD86F0063DF79 /* ViewModels */,
				02ECFE6A294AD8870063DF79 /* Models */,
				02ECFE69294AD8800063DF79 /* Controllers */,
				02ECFE6B294AD8A00063DF79 /* Networking */,
				02ECFE51294AD7920063DF79 /* AppDelegate.swift */,
				02ECFE53294AD7920063DF79 /* SceneDelegate.swift */,
				02ECFE55294AD7920063DF79 /* ViewController.swift */,
				02ECFE57294AD7920063DF79 /* Main.storyboard */,
				02ECFE5A294AD7960063DF79 /* Assets.xcassets */,
				02ECFE5C294AD7960063DF79 /* LaunchScreen.storyboard */,
				02ECFE5F294AD7960063DF79 /* Info.plist */,
			);
			path = NetworkLayer;
			sourceTree = "<group>";
		};
		02ECFE65294AD8440063DF79 /* UIComponents */ = {
			isa = PBXGroup;
			children = (
			);
			path = UIComponents;
			sourceTree = "<group>";
		};
		02ECFE66294AD8580063DF79 /* Services */ = {
			isa = PBXGroup;
			children = (
				02ECFE7A294AF1280063DF79 /* GalleryAPI.swift */,
			);
			path = Services;
			sourceTree = "<group>";
		};
		02ECFE67294AD8630063DF79 /* Resources */ = {
			isa = PBXGroup;
			children = (
				02ECFE70294AE3460063DF79 /* Constants.swift */,
			);
			path = Resources;
			sourceTree = "<group>";
		};
		02ECFE68294AD86F0063DF79 /* ViewModels */ = {
			isa = PBXGroup;
			children = (
				02ECFE7E294AFA710063DF79 /* GalleryViewModel.swift */,
			);
			path = ViewModels;
			sourceTree = "<group>";
		};
		02ECFE69294AD8800063DF79 /* Controllers */ = {
			isa = PBXGroup;
			children = (
			);
			path = Controllers;
			sourceTree = "<group>";
		};
		02ECFE6A294AD8870063DF79 /* Models */ = {
			isa = PBXGroup;
			children = (
				02ECFE7C294AF23B0063DF79 /* GalleryModel.swift */,
			);
			path = Models;
			sourceTree = "<group>";
		};
		02ECFE6B294AD8A00063DF79 /* Networking */ = {
			isa = PBXGroup;
			children = (
				02ECFE6C294ADAC80063DF79 /* APIHandler.swift */,
				02ECFE6E294ADF600063DF79 /* RequestHandler+Extension.swift */,
				02ECFE72294AE5130063DF79 /* ResponseHandler+Extension.swift */,
				02ECFE74294AE8F20063DF79 /* APILoader.swift */,
				02ECFE76294AED760063DF79 /* APIEnvironment.swift */,
				02ECFE78294AEE410063DF79 /* APIPath.swift */,
			);
			path = Networking;
			sourceTree = "<group>";
		};
/* End PBXGroup section */

/* Begin PBXNativeTarget section */
		02ECFE4D294AD7920063DF79 /* NetworkLayer */ = {
			isa = PBXNativeTarget;
			buildConfigurationList = 02ECFE62294AD7960063DF79 /* Build configuration list for PBXNativeTarget "NetworkLayer" */;
			buildPhases = (
				02ECFE4A294AD7920063DF79 /* Sources */,
				02ECFE4B294AD7920063DF79 /* Frameworks */,
				02ECFE4C294AD7920063DF79 /* Resources */,
			);
			buildRules = (
			);
			dependencies = (
			);
			name = NetworkLayer;
			productName = NetworkLayer;
			productReference = 02ECFE4E294AD7920063DF79 /* NetworkLayer.app */;
			productType = "com.apple.product-type.application";
		};
/* End PBXNativeTarget section */

/* Begin PBXProject section */
		02ECFE46294AD7920063DF79 /* Project object */ = {
			isa = PBXProject;
			attributes = {
				BuildIndependentTargetsInParallel = 1;
				LastSwiftUpdateCheck = 1410;
				LastUpgradeCheck = 1410;
				TargetAttributes = {
					02ECFE4D294AD7920063DF79 = {
						CreatedOnToolsVersion = 14.1;
					};
				};
			};
			buildConfigurationList = 02ECFE49294AD7920063DF79 /* Build configuration list for PBXProject "NetworkLayer" */;
			compatibilityVersion = "Xcode 14.0";
			developmentRegion = en;
			hasScannedForEncodings = 0;
			knownRegions = (
				en,
				Base,
			);
			mainGroup = 02ECFE45294AD7920063DF79;
			productRefGroup = 02ECFE4F294AD7920063DF79 /* Products */;
			projectDirPath = "";
			projectRoot = "";
			targets = (
				02ECFE4D294AD7920063DF79 /* NetworkLayer */,
			);
		};
/* End PBXProject section */

/* Begin PBXResourcesBuildPhase section */
		02ECFE4C294AD7920063DF79 /* Resources */ = {
			isa = PBXResourcesBuildPhase;
			buildActionMask = 2147483647;
			files = (
				02ECFE5E294AD7960063DF79 /* LaunchScreen.storyboard in Resources */,
				02ECFE5B294AD7960063DF79 /* Assets.xcassets in Resources */,
				02ECFE59294AD7920063DF79 /* Main.storyboard in Resources */,
			);
			runOnlyForDeploymentPostprocessing = 0;
		};
/* End PBXResourcesBuildPhase section */

/* Begin PBXSourcesBuildPhase section */
		02ECFE4A294AD7920063DF79 /* Sources */ = {
			isa = PBXSourcesBuildPhase;
			buildActionMask = 2147483647;
			files = (
				02ECFE56294AD7920063DF79 /* ViewController.swift in Sources */,
				02ECFE79294AEE410063DF79 /* APIPath.swift in Sources */,
				02ECFE6F294ADF600063DF79 /* RequestHandler+Extension.swift in Sources */,
				02ECFE7B294AF1280063DF79 /* GalleryAPI.swift in Sources */,
				02ECFE52294AD7920063DF79 /* AppDelegate.swift in Sources */,
				02ECFE75294AE8F20063DF79 /* APILoader.swift in Sources */,
				02ECFE54294AD7920063DF79 /* SceneDelegate.swift in Sources */,
				02ECFE6D294ADAC80063DF79 /* APIHandler.swift in Sources */,
				02ECFE7F294AFA710063DF79 /* GalleryViewModel.swift in Sources */,
				02ECFE73294AE5130063DF79 /* ResponseHandler+Extension.swift in Sources */,
				02ECFE71294AE3460063DF79 /* Constants.swift in Sources */,
				02ECFE7D294AF23B0063DF79 /* GalleryModel.swift in Sources */,
				02ECFE77294AED760063DF79 /* APIEnvironment.swift in Sources */,
			);
			runOnlyForDeploymentPostprocessing = 0;
		};
/* End PBXSourcesBuildPhase section */

/* Begin PBXVariantGroup section */
		02ECFE57294AD7920063DF79 /* Main.storyboard */ = {
			isa = PBXVariantGroup;
			children = (
				02ECFE58294AD7920063DF79 /* Base */,
			);
			name = Main.storyboard;
			sourceTree = "<group>";
		};
		02ECFE5C294AD7960063DF79 /* LaunchScreen.storyboard */ = {
			isa = PBXVariantGroup;
			children = (
				02ECFE5D294AD7960063DF79 /* Base */,
			);
			name = LaunchScreen.storyboard;
			sourceTree = "<group>";
		};
/* End PBXVariantGroup section */

/* Begin XCBuildConfiguration section */
		02ECFE60294AD7960063DF79 /* Debug */ = {
			isa = XCBuildConfiguration;
			buildSettings = {
				ALWAYS_SEARCH_USER_PATHS = NO;
				CLANG_ANALYZER_NONNULL = YES;
				CLANG_ANALYZER_NUMBER_OBJECT_CONVERSION = YES_AGGRESSIVE;
				CLANG_CXX_LANGUAGE_STANDARD = "gnu++20";
				CLANG_ENABLE_MODULES = YES;
				CLANG_ENABLE_OBJC_ARC = YES;
				CLANG_ENABLE_OBJC_WEAK = YES;
				CLANG_WARN_BLOCK_CAPTURE_AUTORELEASING = YES;
				CLANG_WARN_BOOL_CONVERSION = YES;
				CLANG_WARN_COMMA = YES;
				CLANG_WARN_CONSTANT_CONVERSION = YES;
				CLANG_WARN_DEPRECATED_OBJC_IMPLEMENTATIONS = YES;
				CLANG_WARN_DIRECT_OBJC_ISA_USAGE = YES_ERROR;
				CLANG_WARN_DOCUMENTATION_COMMENTS = YES;
				CLANG_WARN_EMPTY_BODY = YES;
				CLANG_WARN_ENUM_CONVERSION = YES;
				CLANG_WARN_INFINITE_RECURSION = YES;
				CLANG_WARN_INT_CONVERSION = YES;
				CLANG_WARN_NON_LITERAL_NULL_CONVERSION = YES;
				CLANG_WARN_OBJC_IMPLICIT_RETAIN_SELF = YES;
				CLANG_WARN_OBJC_LITERAL_CONVERSION = YES;
				CLANG_WARN_OBJC_ROOT_CLASS = YES_ERROR;
				CLANG_WARN_QUOTED_INCLUDE_IN_FRAMEWORK_HEADER = YES;
				CLANG_WARN_RANGE_LOOP_ANALYSIS = YES;
				CLANG_WARN_STRICT_PROTOTYPES = YES;
				CLANG_WARN_SUSPICIOUS_MOVE = YES;
				CLANG_WARN_UNGUARDED_AVAILABILITY = YES_AGGRESSIVE;
				CLANG_WARN_UNREACHABLE_CODE = YES;
				CLANG_WARN__DUPLICATE_METHOD_MATCH = YES;
				COPY_PHASE_STRIP = NO;
				DEBUG_INFORMATION_FORMAT = dwarf;
				ENABLE_STRICT_OBJC_MSGSEND = YES;
				ENABLE_TESTABILITY = YES;
				GCC_C_LANGUAGE_STANDARD = gnu11;
				GCC_DYNAMIC_NO_PIC = NO;
				GCC_NO_COMMON_BLOCKS = YES;
				GCC_OPTIMIZATION_LEVEL = 0;
				GCC_PREPROCESSOR_DEFINITIONS = (
					"DEBUG=1",
					"$(inherited)",
				);
				GCC_WARN_64_TO_32_BIT_CONVERSION = YES;
				GCC_WARN_ABOUT_RETURN_TYPE = YES_ERROR;
				GCC_WARN_UNDECLARED_SELECTOR = YES;
				GCC_WARN_UNINITIALIZED_AUTOS = YES_AGGRESSIVE;
				GCC_WARN_UNUSED_FUNCTION = YES;
				GCC_WARN_UNUSED_VARIABLE = YES;
				IPHONEOS_DEPLOYMENT_TARGET = 16.1;
				MTL_ENABLE_DEBUG_INFO = INCLUDE_SOURCE;
				MTL_FAST_MATH = YES;
				ONLY_ACTIVE_ARCH = YES;
				SDKROOT = iphoneos;
				SWIFT_ACTIVE_COMPILATION_CONDITIONS = DEBUG;
				SWIFT_OPTIMIZATION_LEVEL = "-Onone";
			};
			name = Debug;
		};
		02ECFE61294AD7960063DF79 /* Release */ = {
			isa = XCBuildConfiguration;
			buildSettings = {
				ALWAYS_SEARCH_USER_PATHS = NO;
				CLANG_ANALYZER_NONNULL = YES;
				CLANG_ANALYZER_NUMBER_OBJECT_CONVERSION = YES_AGGRESSIVE;
				CLANG_CXX_LANGUAGE_STANDARD = "gnu++20";
				CLANG_ENABLE_MODULES = YES;
				CLANG_ENABLE_OBJC_ARC = YES;
				CLANG_ENABLE_OBJC_WEAK = YES;
				CLANG_WARN_BLOCK_CAPTURE_AUTORELEASING = YES;
				CLANG_WARN_BOOL_CONVERSION = YES;
				CLANG_WARN_COMMA = YES;
				CLANG_WARN_CONSTANT_CONVERSION = YES;
				CLANG_WARN_DEPRECATED_OBJC_IMPLEMENTATIONS = YES;
				CLANG_WARN_DIRECT_OBJC_ISA_USAGE = YES_ERROR;
				CLANG_WARN_DOCUMENTATION_COMMENTS = YES;
				CLANG_WARN_EMPTY_BODY = YES;
				CLANG_WARN_ENUM_CONVERSION = YES;
				CLANG_WARN_INFINITE_RECURSION = YES;
				CLANG_WARN_INT_CONVERSION = YES;
				CLANG_WARN_NON_LITERAL_NULL_CONVERSION = YES;
				CLANG_WARN_OBJC_IMPLICIT_RETAIN_SELF = YES;
				CLANG_WARN_OBJC_LITERAL_CONVERSION = YES;
				CLANG_WARN_OBJC_ROOT_CLASS = YES_ERROR;
				CLANG_WARN_QUOTED_INCLUDE_IN_FRAMEWORK_HEADER = YES;
				CLANG_WARN_RANGE_LOOP_ANALYSIS = YES;
				CLANG_WARN_STRICT_PROTOTYPES = YES;
				CLANG_WARN_SUSPICIOUS_MOVE = YES;
				CLANG_WARN_UNGUARDED_AVAILABILITY = YES_AGGRESSIVE;
				CLANG_WARN_UNREACHABLE_CODE = YES;
				CLANG_WARN__DUPLICATE_METHOD_MATCH = YES;
				COPY_PHASE_STRIP = NO;
				DEBUG_INFORMATION_FORMAT = "dwarf-with-dsym";
				ENABLE_NS_ASSERTIONS = NO;
				ENABLE_STRICT_OBJC_MSGSEND = YES;
				GCC_C_LANGUAGE_STANDARD = gnu11;
				GCC_NO_COMMON_BLOCKS = YES;
				GCC_WARN_64_TO_32_BIT_CONVERSION = YES;
				GCC_WARN_ABOUT_RETURN_TYPE = YES_ERROR;
				GCC_WARN_UNDECLARED_SELECTOR = YES;
				GCC_WARN_UNINITIALIZED_AUTOS = YES_AGGRESSIVE;
				GCC_WARN_UNUSED_FUNCTION = YES;
				GCC_WARN_UNUSED_VARIABLE = YES;
				IPHONEOS_DEPLOYMENT_TARGET = 16.1;
				MTL_ENABLE_DEBUG_INFO = NO;
				MTL_FAST_MATH = YES;
				SDKROOT = iphoneos;
				SWIFT_COMPILATION_MODE = wholemodule;
				SWIFT_OPTIMIZATION_LEVEL = "-O";
				VALIDATE_PRODUCT = YES;
			};
			name = Release;
		};
		02ECFE63294AD7960063DF79 /* Debug */ = {
			isa = XCBuildConfiguration;
			buildSettings = {
				ASSETCATALOG_COMPILER_APPICON_NAME = AppIcon;
				ASSETCATALOG_COMPILER_GLOBAL_ACCENT_COLOR_NAME = AccentColor;
				CODE_SIGN_STYLE = Automatic;
				CURRENT_PROJECT_VERSION = 1;
				DEVELOPMENT_TEAM = 8QURT44925;
				GENERATE_INFOPLIST_FILE = YES;
				INFOPLIST_FILE = NetworkLayer/Info.plist;
				INFOPLIST_KEY_UIApplicationSupportsIndirectInputEvents = YES;
				INFOPLIST_KEY_UILaunchStoryboardName = LaunchScreen;
				INFOPLIST_KEY_UIMainStoryboardFile = Main;
				INFOPLIST_KEY_UISupportedInterfaceOrientations_iPad = "UIInterfaceOrientationPortrait UIInterfaceOrientationPortraitUpsideDown UIInterfaceOrientationLandscapeLeft UIInterfaceOrientationLandscapeRight";
				INFOPLIST_KEY_UISupportedInterfaceOrientations_iPhone = "UIInterfaceOrientationPortrait UIInterfaceOrientationLandscapeLeft UIInterfaceOrientationLandscapeRight";
				LD_RUNPATH_SEARCH_PATHS = (
					"$(inherited)",
					"@executable_path/Frameworks",
				);
				MARKETING_VERSION = 1.0;
				PRODUCT_BUNDLE_IDENTIFIER = gauravchauhan677.NetworkLayer;
				PRODUCT_NAME = "$(TARGET_NAME)";
				SWIFT_EMIT_LOC_STRINGS = YES;
				SWIFT_VERSION = 5.0;
				TARGETED_DEVICE_FAMILY = "1,2";
			};
			name = Debug;
		};
		02ECFE64294AD7960063DF79 /* Release */ = {
			isa = XCBuildConfiguration;
			buildSettings = {
				ASSETCATALOG_COMPILER_APPICON_NAME = AppIcon;
				ASSETCATALOG_COMPILER_GLOBAL_ACCENT_COLOR_NAME = AccentColor;
				CODE_SIGN_STYLE = Automatic;
				CURRENT_PROJECT_VERSION = 1;
				DEVELOPMENT_TEAM = 8QURT44925;
				GENERATE_INFOPLIST_FILE = YES;
				INFOPLIST_FILE = NetworkLayer/Info.plist;
				INFOPLIST_KEY_UIApplicationSupportsIndirectInputEvents = YES;
				INFOPLIST_KEY_UILaunchStoryboardName = LaunchScreen;
				INFOPLIST_KEY_UIMainStoryboardFile = Main;
				INFOPLIST_KEY_UISupportedInterfaceOrientations_iPad = "UIInterfaceOrientationPortrait UIInterfaceOrientationPortraitUpsideDown UIInterfaceOrientationLandscapeLeft UIInterfaceOrientationLandscapeRight";
				INFOPLIST_KEY_UISupportedInterfaceOrientations_iPhone = "UIInterfaceOrientationPortrait UIInterfaceOrientationLandscapeLeft UIInterfaceOrientationLandscapeRight";
				LD_RUNPATH_SEARCH_PATHS = (
					"$(inherited)",
					"@executable_path/Frameworks",
				);
				MARKETING_VERSION = 1.0;
				PRODUCT_BUNDLE_IDENTIFIER = gauravchauhan677.NetworkLayer;
				PRODUCT_NAME = "$(TARGET_NAME)";
				SWIFT_EMIT_LOC_STRINGS = YES;
				SWIFT_VERSION = 5.0;
				TARGETED_DEVICE_FAMILY = "1,2";
			};
			name = Release;
		};
/* End XCBuildConfiguration section */

/* Begin XCConfigurationList section */
		02ECFE49294AD7920063DF79 /* Build configuration list for PBXProject "NetworkLayer" */ = {
			isa = XCConfigurationList;
			buildConfigurations = (
				02ECFE60294AD7960063DF79 /* Debug */,
				02ECFE61294AD7960063DF79 /* Release */,
			);
			defaultConfigurationIsVisible = 0;
			defaultConfigurationName = Release;
		};
		02ECFE62294AD7960063DF79 /* Build configuration list for PBXNativeTarget "NetworkLayer" */ = {
			isa = XCConfigurationList;
			buildConfigurations = (
				02ECFE63294AD7960063DF79 /* Debug */,
				02ECFE64294AD7960063DF79 /* Release */,
			);
			defaultConfigurationIsVisible = 0;
			defaultConfigurationName = Release;
		};
/* End XCConfigurationList section */
	};
	rootObject = 02ECFE46294AD7920063DF79 /* Project object */;
}
